
Microsoft Visual Studio Solution File, Format Version 12.00
# Visual Studio Version 17
VisualStudioVersion = 17.0.31903.59
MinimumVisualStudioVersion = 10.0.40219.1
Project("{FAE04EC0-301F-11D3-BF4B-00C04F79EFBC}") = "ODataTutorial", "ODataTutorial\ODataTutorial.csproj", "{BAC14B85-BD58-4822-8E49-D01F5B80B843}"
EndProject
Global
	GlobalSection(SolutionConfigurationPlatforms) = preSolution
		Debug|Any CPU = Debug|Any CPU
		Release|Any CPU = Release|Any CPU
	EndGlobalSection
	GlobalSection(SolutionProperties) = preSolution
		HideSolutionNode = FALSE
	EndGlobalSection
	GlobalSection(ProjectConfigurationPlatforms) = postSolution
		{BAC14B85-BD58-4822-8E49-D01F5B80B843}.Debug|Any CPU.ActiveCfg = Debug|Any CPU
		{BAC14B85-BD58-4822-8E49-D01F5B80B843}.Debug|Any CPU.Build.0 = Debug|Any CPU
		{BAC14B85-BD58-4822-8E49-D01F5B80B843}.Release|Any CPU.ActiveCfg = Release|Any CPU
		{BAC14B85-BD58-4822-8E49-D01F5B80B843}.Release|Any CPU.Build.0 = Release|Any CPU
	EndGlobalSection
EndGlobal
